
Microsoft Visual Studio Solution File, Format Version 12.00
# Visual Studio Version 17
VisualStudioVersion = 17.2.32519.379
MinimumVisualStudioVersion = 10.0.40219.1
Project("{FAE04EC0-301F-11D3-BF4B-00C04F79EFBC}") = "WindowCorner", "WindowCorner\WindowCorner.csproj", "{CBF00074-B0DF-4285-975B-6BEDADAD83B2}"
EndProject
Global
	GlobalSection(SolutionConfigurationPlatforms) = preSolution
		Debug|Any CPU = Debug|Any CPU
		Release|Any CPU = Release|Any CPU
	EndGlobalSection
	GlobalSection(ProjectConfigurationPlatforms) = postSolution
		{CBF00074-B0DF-4285-975B-6BEDADAD83B2}.Debug|Any CPU.ActiveCfg = Debug|Any CPU
		{CBF00074-B0DF-4285-975B-6BEDADAD83B2}.Debug|Any CPU.Build.0 = Debug|Any CPU
		{CBF00074-B0DF-4285-975B-6BEDADAD83B2}.Release|Any CPU.ActiveCfg = Release|Any CPU
		{CBF00074-B0DF-4285-975B-6BEDADAD83B2}.Release|Any CPU.Build.0 = Release|Any CPU
	EndGlobalSection
	GlobalSection(SolutionProperties) = preSolution
		HideSolutionNode = FALSE
	EndGlobalSection
	GlobalSection(ExtensibilityGlobals) = postSolution
		SolutionGuid = {81B31990-044F-47AE-B3AC-19F309A2092B}
	EndGlobalSection
EndGlobal
